
Microsoft Visual Studio Solution File, Format Version 12.00
# Visual Studio Version 16
VisualStudioVersion = 16.0.31424.327
MinimumVisualStudioVersion = 10.0.40219.1
Project("{9A19103F-16F7-4668-BE54-9A1E7A4F7556}") = "XAMLileVeriBaglama", "XAMLileVeriBaglama.csproj", "{2C1F4D9B-42C8-4656-9EE3-C2E1203CF6FC}"
EndProject
Global
	GlobalSection(SolutionConfigurationPlatforms) = preSolution
		Debug|Any CPU = Debug|Any CPU
		Release|Any CPU = Release|Any CPU
	EndGlobalSection
	GlobalSection(ProjectConfigurationPlatforms) = postSolution
		{2C1F4D9B-42C8-4656-9EE3-C2E1203CF6FC}.Debug|Any CPU.ActiveCfg = Debug|Any CPU
		{2C1F4D9B-42C8-4656-9EE3-C2E1203CF6FC}.Debug|Any CPU.Build.0 = Debug|Any CPU
		{2C1F4D9B-42C8-4656-9EE3-C2E1203CF6FC}.Release|Any CPU.ActiveCfg = Release|Any CPU
		{2C1F4D9B-42C8-4656-9EE3-C2E1203CF6FC}.Release|Any CPU.Build.0 = Release|Any CPU
	EndGlobalSection
	GlobalSection(SolutionProperties) = preSolution
		HideSolutionNode = FALSE
	EndGlobalSection
	GlobalSection(ExtensibilityGlobals) = postSolution
		SolutionGuid = {8DADCE7D-3CF1-481A-8720-20E4F7D73ACD}
	EndGlobalSection
EndGlobal
